
Microsoft Visual Studio Solution File, Format Version 12.00
# Visual Studio 2013
VisualStudioVersion = 12.0.30501.0
MinimumVisualStudioVersion = 10.0.40219.1
Project("{8BC9CEB8-8B4A-11D0-8D11-00A0C91BC942}") = "t2u_test", "t2u_test.vcxproj", "{649B0F1E-1E78-4F22-BE26-D7E5014D980E}"
EndProject
Global
	GlobalSection(SolutionConfigurationPlatforms) = preSolution
		Debug|Win32 = Debug|Win32
		Release|Win32 = Release|Win32
	EndGlobalSection
	GlobalSection(ProjectConfigurationPlatforms) = postSolution
		{649B0F1E-1E78-4F22-BE26-D7E5014D980E}.Debug|Win32.ActiveCfg = Debug|Win32
		{649B0F1E-1E78-4F22-BE26-D7E5014D980E}.Debug|Win32.Build.0 = Debug|Win32
		{649B0F1E-1E78-4F22-BE26-D7E5014D980E}.Release|Win32.ActiveCfg = Release|Win32
		{649B0F1E-1E78-4F22-BE26-D7E5014D980E}.Release|Win32.Build.0 = Release|Win32
	EndGlobalSection
	GlobalSection(SolutionProperties) = preSolution
		HideSolutionNode = FALSE
	EndGlobalSection
EndGlobal
